
Microsoft Visual Studio Solution File, Format Version 12.00
# Visual Studio Version 17
VisualStudioVersion = 17.2.32526.322
MinimumVisualStudioVersion = 10.0.40219.1
Project("{9A19103F-16F7-4668-BE54-9A1E7A4F7556}") = "MyClasses", "MyClasses\MyClasses.csproj", "{E340F19A-62E9-44CC-9B5B-4D98CEEF6599}"
EndProject
Project("{9A19103F-16F7-4668-BE54-9A1E7A4F7556}") = "WebApplication1", "WebApplication1\WebApplication1.csproj", "{65C6A7FA-BAE3-446C-B816-1A0754571516}"
EndProject
Project("{FAE04EC0-301F-11D3-BF4B-00C04F79EFBC}") = "MyClassLibrary", "MyClassLibrary\MyClassLibrary.csproj", "{D180892C-E482-4175-8241-6380A9A7580E}"
EndProject
Global
	GlobalSection(SolutionConfigurationPlatforms) = preSolution
		Debug|Any CPU = Debug|Any CPU
		Release|Any CPU = Release|Any CPU
	EndGlobalSection
	GlobalSection(ProjectConfigurationPlatforms) = postSolution
		{E340F19A-62E9-44CC-9B5B-4D98CEEF6599}.Debug|Any CPU.ActiveCfg = Debug|Any CPU
		{E340F19A-62E9-44CC-9B5B-4D98CEEF6599}.Debug|Any CPU.Build.0 = Debug|Any CPU
		{E340F19A-62E9-44CC-9B5B-4D98CEEF6599}.Release|Any CPU.ActiveCfg = Release|Any CPU
		{E340F19A-62E9-44CC-9B5B-4D98CEEF6599}.Release|Any CPU.Build.0 = Release|Any CPU
		{65C6A7FA-BAE3-446C-B816-1A0754571516}.Debug|Any CPU.ActiveCfg = Debug|Any CPU
		{65C6A7FA-BAE3-446C-B816-1A0754571516}.Debug|Any CPU.Build.0 = Debug|Any CPU
		{65C6A7FA-BAE3-446C-B816-1A0754571516}.Release|Any CPU.ActiveCfg = Release|Any CPU
		{65C6A7FA-BAE3-446C-B816-1A0754571516}.Release|Any CPU.Build.0 = Release|Any CPU
		{D180892C-E482-4175-8241-6380A9A7580E}.Debug|Any CPU.ActiveCfg = Debug|Any CPU
		{D180892C-E482-4175-8241-6380A9A7580E}.Debug|Any CPU.Build.0 = Debug|Any CPU
		{D180892C-E482-4175-8241-6380A9A7580E}.Release|Any CPU.ActiveCfg = Release|Any CPU
		{D180892C-E482-4175-8241-6380A9A7580E}.Release|Any CPU.Build.0 = Release|Any CPU
	EndGlobalSection
	GlobalSection(SolutionProperties) = preSolution
		HideSolutionNode = FALSE
	EndGlobalSection
	GlobalSection(ExtensibilityGlobals) = postSolution
		SolutionGuid = {1F538FEE-0A0D-4FEF-BC63-6615FD68C9B1}
	EndGlobalSection
EndGlobal
